
Microsoft Visual Studio Solution File, Format Version 12.00
# Visual Studio Version 16
VisualStudioVersion = 16.0.30128.74
MinimumVisualStudioVersion = 10.0.40219.1
Project("{FAE04EC0-301F-11D3-BF4B-00C04F79EFBC}") = "ICEP", "ICEP\ICEP.csproj", "{91C87481-307E-4B59-8CCC-7495FF8BC080}"
EndProject
Global
	GlobalSection(SolutionConfigurationPlatforms) = preSolution
		Debug|Any CPU = Debug|Any CPU
		Release|Any CPU = Release|Any CPU
	EndGlobalSection
	GlobalSection(ProjectConfigurationPlatforms) = postSolution
		{91C87481-307E-4B59-8CCC-7495FF8BC080}.Debug|Any CPU.ActiveCfg = Debug|Any CPU
		{91C87481-307E-4B59-8CCC-7495FF8BC080}.Debug|Any CPU.Build.0 = Debug|Any CPU
		{91C87481-307E-4B59-8CCC-7495FF8BC080}.Release|Any CPU.ActiveCfg = Release|Any CPU
		{91C87481-307E-4B59-8CCC-7495FF8BC080}.Release|Any CPU.Build.0 = Release|Any CPU
	EndGlobalSection
	GlobalSection(SolutionProperties) = preSolution
		HideSolutionNode = FALSE
	EndGlobalSection
	GlobalSection(ExtensibilityGlobals) = postSolution
		SolutionGuid = {34953FB7-8E52-448F-AC67-9C86924CF975}
	EndGlobalSection
EndGlobal
